$fyn:
 layout: normal
 flattenTop: true
$pkg:
 dev:
  fyn: ^3.2.1
  fynpo: ^3.2.1
fyn:
 _latest: 3.2.1
 _:
  ^3.2.1: 3.2.1
 3.2.1:
  top: 1
  $: sha512-hvEpMpUc1F4BWq37FbYNjKPbXGLZplkXvjg2+HjCs1/ZjKdlkWLXSeklp1AS2oPIvNTwLGUxb+vjU7XtgZ6xCA==
  _: 'https://registry.npmjs.org/fyn/-/fyn-3.2.1.tgz'
fynpo:
 _latest: 3.2.1
 _:
  ^3.2.1: 3.2.1
 3.2.1:
  top: 1
  $: sha512-ETO7KpatNV0vuiw2tqJDZy80Cu2DySoxre9KaY3MR3Hg0kBb4m+mQX3UiUxlMJaLZqtN55ZDv/5LOpYOt7wDnQ==
  _: 'https://registry.npmjs.org/fynpo/-/fynpo-3.2.1.tgz'
  dependencies:
   fyn: ^3.2.1
   import-fresh: ^4.0.0
   resolve-from: ^5.0.0
   resolve-global: ^2.0.0
global-directory:
 _latest: 5.0.0
 _:
  ^4.0.1: 4.0.1
 4.0.1:
  $: sha512-wHTUcDUoZ1H5/0iVqEudYW4/kAlN5cZ3j/bXn0Dpbizl9iaUVeWSHqiOjsgk6OW2bkLclbBjzewBz6weQ1zA2Q==
  _: 'https://registry.npmjs.org/global-directory/-/global-directory-4.0.1.tgz'
  dependencies:
   ini: 4.1.1
import-fresh:
 _latest: 4.0.1
 _:
  ^4.0.0: 4.0.1
 4.0.1:
  $: sha512-/XFeXYgkuWgbtqPC7qPKvciXTvhtz7WMNQKQsAM1Kz+j0I5OWJDrybfiya6QtHF9oEvPkLwTHmC9+4OR/MmfIA==
  _: 'https://registry.npmjs.org/import-fresh/-/import-fresh-4.0.1.tgz'
ini:
 _latest: 7.0.0
 _:
  4.1.1: 4.1.1
 4.1.1:
  $: sha512-QQnnxNyfvmHFIsj7gkPcYymR8Jdw/o7mp5ZFihxn6h8Ci6fh3Dx4E1gPjpQEpIuPo9XVNY/ZUwh4BPMjGyL01g==
  _: 'https://registry.npmjs.org/ini/-/ini-4.1.1.tgz'
resolve-from:
 _latest: 5.0.0
 _:
  ^5.0.0: 5.0.0
 5.0.0:
  $: sha512-qYg9KP24dD5qka9J47d0aVky0N+b4fTU89LN9iDnjB5waksiC49rvMB0PrUJQGoTmH50XPiqOvAjDfaijGxYZw==
  _: 'https://registry.npmjs.org/resolve-from/-/resolve-from-5.0.0.tgz'
resolve-global:
 _latest: 2.0.0
 _:
  ^2.0.0: 2.0.0
 2.0.0:
  $: sha512-gnAQ0Q/KkupGkuiMyX4L0GaBV8iFwlmoXsMtOz+DFTaKmHhOO/dSlP1RMKhpvHv/dh6K/IQkowGJBqUG0NfBUw==
  _: 'https://registry.npmjs.org/resolve-global/-/resolve-global-2.0.0.tgz'
  dependencies:
   global-directory: ^4.0.1
